
Microsoft Visual Studio Solution File, Format Version 12.00
# Visual Studio 15
VisualStudioVersion = 15.0.27004.2005
MinimumVisualStudioVersion = 10.0.40219.1
Project("{FAE04EC0-301F-11D3-BF4B-00C04F79EFBC}") = "DeepConsole", "DeepConsole\DeepConsole.csproj", "{45CE4ED0-E9A9-41C6-8510-617926208CB6}"
EndProject
Project("{FAE04EC0-301F-11D3-BF4B-00C04F79EFBC}") = "DeepConsole.Core", "DeepConsole.Core\DeepConsole.Core.csproj", "{B9079897-5C28-4921-A976-AE24EFE24C2B}"
EndProject
Project("{FAE04EC0-301F-11D3-BF4B-00C04F79EFBC}") = "DeepConsole.UnitTests", "DeepConsole.UnitTests\DeepConsole.UnitTests.csproj", "{1B3BE01C-3248-4009-9212-F6BF348D8244}"
EndProject
Global
	GlobalSection(SolutionConfigurationPlatforms) = preSolution
		Debug|Any CPU = Debug|Any CPU
		Release|Any CPU = Release|Any CPU
	EndGlobalSection
	GlobalSection(ProjectConfigurationPlatforms) = postSolution
		{45CE4ED0-E9A9-41C6-8510-617926208CB6}.Debug|Any CPU.ActiveCfg = Debug|Any CPU
		{45CE4ED0-E9A9-41C6-8510-617926208CB6}.Debug|Any CPU.Build.0 = Debug|Any CPU
		{45CE4ED0-E9A9-41C6-8510-617926208CB6}.Release|Any CPU.ActiveCfg = Release|Any CPU
		{45CE4ED0-E9A9-41C6-8510-617926208CB6}.Release|Any CPU.Build.0 = Release|Any CPU
		{B9079897-5C28-4921-A976-AE24EFE24C2B}.Debug|Any CPU.ActiveCfg = Debug|Any CPU
		{B9079897-5C28-4921-A976-AE24EFE24C2B}.Debug|Any CPU.Build.0 = Debug|Any CPU
		{B9079897-5C28-4921-A976-AE24EFE24C2B}.Release|Any CPU.ActiveCfg = Release|Any CPU
		{B9079897-5C28-4921-A976-AE24EFE24C2B}.Release|Any CPU.Build.0 = Release|Any CPU
		{1B3BE01C-3248-4009-9212-F6BF348D8244}.Debug|Any CPU.ActiveCfg = Debug|Any CPU
		{1B3BE01C-3248-4009-9212-F6BF348D8244}.Debug|Any CPU.Build.0 = Debug|Any CPU
		{1B3BE01C-3248-4009-9212-F6BF348D8244}.Release|Any CPU.ActiveCfg = Release|Any CPU
		{1B3BE01C-3248-4009-9212-F6BF348D8244}.Release|Any CPU.Build.0 = Release|Any CPU
	EndGlobalSection
	GlobalSection(SolutionProperties) = preSolution
		HideSolutionNode = FALSE
	EndGlobalSection
	GlobalSection(ExtensibilityGlobals) = postSolution
		SolutionGuid = {AB44CB6B-778B-44F3-9BEB-F447E816027A}
	EndGlobalSection
EndGlobal
